# This file is automatically @generated by Cargo.
# It is not intended for manual editing.
version = 3

[[package]]
name = "eo-compile"
version = "0.1.0"
dependencies = [
 "eo-rt",
]

[[package]]
name = "eo-rt"
version = "0.1.0"

[[package]]
name = "handwritten"
version = "0.1.0"
dependencies = [
 "eo-rt",
]
